// !$*UTF8*$!
{
	archiveVersion = 1;
	classes = {
	};
	objectVersion = 55;
	objects = {

/* Begin PBXBuildFile section */
		B517AB8528D8FB6A005FF834 /* GrandCamembert.swift in Sources */ = {isa = PBXBuildFile; fileRef = B517AB8428D8FB6A005FF834 /* GrandCamembert.swift */; };
		B517AB8728D908A8005FF834 /* ViewControllerAvecCamembert.swift in Sources */ = {isa = PBXBuildFile; fileRef = B517AB8628D908A8005FF834 /* ViewControllerAvecCamembert.swift */; };
		B51AD1C028CA382600888CDD /* extension-UIColor-MorgenStemning.swift in Sources */ = {isa = PBXBuildFile; fileRef = B51AD1BF28CA382600888CDD /* extension-UIColor-MorgenStemning.swift */; };
		B51AD1C228CA439700888CDD /* Graphique.swift in Sources */ = {isa = PBXBuildFile; fileRef = B51AD1C128CA439700888CDD /* Graphique.swift */; };
		B5215E28290C7493008DA009 /* ViewControllerExplications.swift in Sources */ = {isa = PBXBuildFile; fileRef = B5215E27290C7493008DA009 /* ViewControllerExplications.swift */; };
		B5215E2A290D3BD5008DA009 /* CreationPDF.swift in Sources */ = {isa = PBXBuildFile; fileRef = B5215E29290D3BD5008DA009 /* CreationPDF.swift */; };
		B52DCA1B28DFA03F00DAA900 /* CouleursEEUdF.swift in Sources */ = {isa = PBXBuildFile; fileRef = B52DCA1A28DFA03F00DAA900 /* CouleursEEUdF.swift */; };
		B54DCF9428C5134E00FBBAE3 /* AppDelegate.swift in Sources */ = {isa = PBXBuildFile; fileRef = B54DCF9328C5134E00FBBAE3 /* AppDelegate.swift */; };
		B54DCF9628C5134E00FBBAE3 /* SceneDelegate.swift in Sources */ = {isa = PBXBuildFile; fileRef = B54DCF9528C5134E00FBBAE3 /* SceneDelegate.swift */; };
		B54DCF9828C5134E00FBBAE3 /* ViewController.swift in Sources */ = {isa = PBXBuildFile; fileRef = B54DCF9728C5134E00FBBAE3 /* ViewController.swift */; };
		B54DCF9B28C5134E00FBBAE3 /* Main.storyboard in Resources */ = {isa = PBXBuildFile; fileRef = B54DCF9928C5134E00FBBAE3 /* Main.storyboard */; };
		B54DCF9D28C5134E00FBBAE3 /* Assets.xcassets in Resources */ = {isa = PBXBuildFile; fileRef = B54DCF9C28C5134E00FBBAE3 /* Assets.xcassets */; };
		B54DCFA028C5134E00FBBAE3 /* LaunchScreen.storyboard in Resources */ = {isa = PBXBuildFile; fileRef = B54DCF9E28C5134E00FBBAE3 /* LaunchScreen.storyboard */; };
		B54DCFA828C5172500FBBAE3 /* Data.swift in Sources */ = {isa = PBXBuildFile; fileRef = B54DCFA728C5172500FBBAE3 /* Data.swift */; };
		B54DCFAA28C5192300FBBAE3 /* Data.csv in Resources */ = {isa = PBXBuildFile; fileRef = B54DCFA928C5192300FBBAE3 /* Data.csv */; };
		B54DCFAC28C51E4E00FBBAE3 /* CelluleEmission.swift in Sources */ = {isa = PBXBuildFile; fileRef = B54DCFAB28C51E4E00FBBAE3 /* CelluleEmission.swift */; };
		B5D81F1B28F2126300188489 /* CelluleCredits.swift in Sources */ = {isa = PBXBuildFile; fileRef = B5D81F1A28F2126300188489 /* CelluleCredits.swift */; };
		B5D81F1D28F30C0300188489 /* ViewControllerCredits.swift in Sources */ = {isa = PBXBuildFile; fileRef = B5D81F1C28F30C0300188489 /* ViewControllerCredits.swift */; };
		B5E2D3302919BC3B001FEC93 /* DataEN.csv in Resources */ = {isa = PBXBuildFile; fileRef = B5E2D32F2919BC3B001FEC93 /* DataEN.csv */; };
		B5E2D334291A3EF1001FEC93 /* Localizable.strings in Resources */ = {isa = PBXBuildFile; fileRef = B5E2D333291A3EF1001FEC93 /* Localizable.strings */; };
/* End PBXBuildFile section */

/* Begin PBXFileReference section */
		B517AB8428D8FB6A005FF834 /* GrandCamembert.swift */ = {isa = PBXFileReference; lastKnownFileType = sourcecode.swift; path = GrandCamembert.swift; sourceTree = "<group>"; };
		B517AB8628D908A8005FF834 /* ViewControllerAvecCamembert.swift */ = {isa = PBXFileReference; lastKnownFileType = sourcecode.swift; path = ViewControllerAvecCamembert.swift; sourceTree = "<group>"; };
		B51AD1BF28CA382600888CDD /* extension-UIColor-MorgenStemning.swift */ = {isa = PBXFileReference; fileEncoding = 4; lastKnownFileType = sourcecode.swift; path = "extension-UIColor-MorgenStemning.swift"; sourceTree = "<group>"; };
		B51AD1C128CA439700888CDD /* Graphique.swift */ = {isa = PBXFileReference; lastKnownFileType = sourcecode.swift; path = Graphique.swift; sourceTree = "<group>"; };
		B5215E27290C7493008DA009 /* ViewControllerExplications.swift */ = {isa = PBXFileReference; lastKnownFileType = sourcecode.swift; path = ViewControllerExplications.swift; sourceTree = "<group>"; };
		B5215E29290D3BD5008DA009 /* CreationPDF.swift */ = {isa = PBXFileReference; lastKnownFileType = sourcecode.swift; path = CreationPDF.swift; sourceTree = "<group>"; };
		B52DCA1A28DFA03F00DAA900 /* CouleursEEUdF.swift */ = {isa = PBXFileReference; lastKnownFileType = sourcecode.swift; path = CouleursEEUdF.swift; sourceTree = "<group>"; };
		B54DCF9028C5134E00FBBAE3 /* Bilan CO2 camp scout.app */ = {isa = PBXFileReference; explicitFileType = wrapper.application; includeInIndex = 0; path = "Bilan CO2 camp scout.app"; sourceTree = BUILT_PRODUCTS_DIR; };
		B54DCF9328C5134E00FBBAE3 /* AppDelegate.swift */ = {isa = PBXFileReference; lastKnownFileType = sourcecode.swift; path = AppDelegate.swift; sourceTree = "<group>"; };
		B54DCF9528C5134E00FBBAE3 /* SceneDelegate.swift */ = {isa = PBXFileReference; lastKnownFileType = sourcecode.swift; path = SceneDelegate.swift; sourceTree = "<group>"; };
		B54DCF9728C5134E00FBBAE3 /* ViewController.swift */ = {isa = PBXFileReference; lastKnownFileType = sourcecode.swift; path = ViewController.swift; sourceTree = "<group>"; };
		B54DCF9A28C5134E00FBBAE3 /* Base */ = {isa = PBXFileReference; lastKnownFileType = file.storyboard; name = Base; path = Base.lproj/Main.storyboard; sourceTree = "<group>"; };
		B54DCF9C28C5134E00FBBAE3 /* Assets.xcassets */ = {isa = PBXFileReference; lastKnownFileType = folder.assetcatalog; path = Assets.xcassets; sourceTree = "<group>"; };
		B54DCF9F28C5134E00FBBAE3 /* Base */ = {isa = PBXFileReference; lastKnownFileType = file.storyboard; name = Base; path = Base.lproj/LaunchScreen.storyboard; sourceTree = "<group>"; };
		B54DCFA128C5134E00FBBAE3 /* Info.plist */ = {isa = PBXFileReference; lastKnownFileType = text.plist.xml; path = Info.plist; sourceTree = "<group>"; };
		B54DCFA728C5172500FBBAE3 /* Data.swift */ = {isa = PBXFileReference; lastKnownFileType = sourcecode.swift; path = Data.swift; sourceTree = "<group>"; };
		B54DCFA928C5192300FBBAE3 /* Data.csv */ = {isa = PBXFileReference; fileEncoding = 4; lastKnownFileType = text; path = Data.csv; sourceTree = "<group>"; };
		B54DCFAB28C51E4E00FBBAE3 /* CelluleEmission.swift */ = {isa = PBXFileReference; lastKnownFileType = sourcecode.swift; path = CelluleEmission.swift; sourceTree = "<group>"; };
		B5ACCDEA28D7075B00565528 /* BilanCO2.entitlements */ = {isa = PBXFileReference; lastKnownFileType = text.plist.entitlements; path = BilanCO2.entitlements; sourceTree = "<group>"; };
		B5D81F1A28F2126300188489 /* CelluleCredits.swift */ = {isa = PBXFileReference; lastKnownFileType = sourcecode.swift; path = CelluleCredits.swift; sourceTree = "<group>"; };
		B5D81F1C28F30C0300188489 /* ViewControllerCredits.swift */ = {isa = PBXFileReference; lastKnownFileType = sourcecode.swift; path = ViewControllerCredits.swift; sourceTree = "<group>"; };
		B5E2D32F2919BC3B001FEC93 /* DataEN.csv */ = {isa = PBXFileReference; fileEncoding = 4; lastKnownFileType = text; path = DataEN.csv; sourceTree = "<group>"; };
		B5E2D3312919BCE1001FEC93 /* fr */ = {isa = PBXFileReference; lastKnownFileType = text.plist.strings; name = fr; path = fr.lproj/Main.strings; sourceTree = "<group>"; };
		B5E2D3322919BCE1001FEC93 /* fr */ = {isa = PBXFileReference; lastKnownFileType = text.plist.strings; name = fr; path = fr.lproj/LaunchScreen.strings; sourceTree = "<group>"; };
		B5E2D333291A3EF1001FEC93 /* Localizable.strings */ = {isa = PBXFileReference; lastKnownFileType = text.plist.strings; path = Localizable.strings; sourceTree = "<group>"; };
/* End PBXFileReference section */

/* Begin PBXFrameworksBuildPhase section */
		B54DCF8D28C5134E00FBBAE3 /* Frameworks */ = {
			isa = PBXFrameworksBuildPhase;
			buildActionMask = 2147483647;
			files = (
			);
			runOnlyForDeploymentPostprocessing = 0;
		};
/* End PBXFrameworksBuildPhase section */

/* Begin PBXGroup section */
		B5215E2B290D3C24008DA009 /* PasUtilise */ = {
			isa = PBXGroup;
			children = (
				B5D81F1C28F30C0300188489 /* ViewControllerCredits.swift */,
				B51AD1BF28CA382600888CDD /* extension-UIColor-MorgenStemning.swift */,
				B517AB8428D8FB6A005FF834 /* GrandCamembert.swift */,
				B5215E29290D3BD5008DA009 /* CreationPDF.swift */,
			);
			path = PasUtilise;
			sourceTree = "<group>";
		};
		B54DCF8728C5134E00FBBAE3 = {
			isa = PBXGroup;
			children = (
				B54DCF9228C5134E00FBBAE3 /* VersionApple */,
				B54DCF9128C5134E00FBBAE3 /* Products */,
			);
			sourceTree = "<group>";
		};
		B54DCF9128C5134E00FBBAE3 /* Products */ = {
			isa = PBXGroup;
			children = (
				B54DCF9028C5134E00FBBAE3 /* Bilan CO2 camp scout.app */,
			);
			name = Products;
			sourceTree = "<group>";
		};
		B54DCF9228C5134E00FBBAE3 /* VersionApple */ = {
			isa = PBXGroup;
			children = (
				B5215E2B290D3C24008DA009 /* PasUtilise */,
				B5ACCDEA28D7075B00565528 /* BilanCO2.entitlements */,
				B5E2D333291A3EF1001FEC93 /* Localizable.strings */,
				B54DCFA928C5192300FBBAE3 /* Data.csv */,
				B5E2D32F2919BC3B001FEC93 /* DataEN.csv */,
				B54DCF9328C5134E00FBBAE3 /* AppDelegate.swift */,
				B54DCF9528C5134E00FBBAE3 /* SceneDelegate.swift */,
				B54DCFA728C5172500FBBAE3 /* Data.swift */,
				B52DCA1A28DFA03F00DAA900 /* CouleursEEUdF.swift */,
				B54DCFAB28C51E4E00FBBAE3 /* CelluleEmission.swift */,
				B5D81F1A28F2126300188489 /* CelluleCredits.swift */,
				B51AD1C128CA439700888CDD /* Graphique.swift */,
				B517AB8628D908A8005FF834 /* ViewControllerAvecCamembert.swift */,
				B5215E27290C7493008DA009 /* ViewControllerExplications.swift */,
				B54DCF9728C5134E00FBBAE3 /* ViewController.swift */,
				B54DCF9928C5134E00FBBAE3 /* Main.storyboard */,
				B54DCF9C28C5134E00FBBAE3 /* Assets.xcassets */,
				B54DCF9E28C5134E00FBBAE3 /* LaunchScreen.storyboard */,
				B54DCFA128C5134E00FBBAE3 /* Info.plist */,
			);
			path = VersionApple;
			sourceTree = "<group>";
		};
/* End PBXGroup section */

/* Begin PBXNativeTarget section */
		B54DCF8F28C5134E00FBBAE3 /* Bilan CO2 camp scout */ = {
			isa = PBXNativeTarget;
			buildConfigurationList = B54DCFA428C5134E00FBBAE3 /* Build configuration list for PBXNativeTarget "Bilan CO2 camp scout" */;
			buildPhases = (
				B54DCF8C28C5134E00FBBAE3 /* Sources */,
				B54DCF8D28C5134E00FBBAE3 /* Frameworks */,
				B54DCF8E28C5134E00FBBAE3 /* Resources */,
			);
			buildRules = (
			);
			dependencies = (
			);
			name = "Bilan CO2 camp scout";
			productName = BilanCO2;
			productReference = B54DCF9028C5134E00FBBAE3 /* Bilan CO2 camp scout.app */;
			productType = "com.apple.product-type.application";
		};
/* End PBXNativeTarget section */

/* Begin PBXProject section */
		B54DCF8828C5134E00FBBAE3 /* Project object */ = {
			isa = PBXProject;
			attributes = {
				BuildIndependentTargetsInParallel = 1;
				LastSwiftUpdateCheck = 1340;
				LastUpgradeCheck = 1340;
				TargetAttributes = {
					B54DCF8F28C5134E00FBBAE3 = {
						CreatedOnToolsVersion = 13.4.1;
					};
				};
			};
			buildConfigurationList = B54DCF8B28C5134E00FBBAE3 /* Build configuration list for PBXProject "Bilan CO2 camp scout" */;
			compatibilityVersion = "Xcode 13.0";
			developmentRegion = en;
			hasScannedForEncodings = 0;
			knownRegions = (
				en,
				Base,
				fr,
			);
			mainGroup = B54DCF8728C5134E00FBBAE3;
			productRefGroup = B54DCF9128C5134E00FBBAE3 /* Products */;
			projectDirPath = "";
			projectRoot = "";
			targets = (
				B54DCF8F28C5134E00FBBAE3 /* Bilan CO2 camp scout */,
			);
		};
/* End PBXProject section */

/* Begin PBXResourcesBuildPhase section */
		B54DCF8E28C5134E00FBBAE3 /* Resources */ = {
			isa = PBXResourcesBuildPhase;
			buildActionMask = 2147483647;
			files = (
				B54DCFAA28C5192300FBBAE3 /* Data.csv in Resources */,
				B5E2D334291A3EF1001FEC93 /* Localizable.strings in Resources */,
				B5E2D3302919BC3B001FEC93 /* DataEN.csv in Resources */,
				B54DCFA028C5134E00FBBAE3 /* LaunchScreen.storyboard in Resources */,
				B54DCF9D28C5134E00FBBAE3 /* Assets.xcassets in Resources */,
				B54DCF9B28C5134E00FBBAE3 /* Main.storyboard in Resources */,
			);
			runOnlyForDeploymentPostprocessing = 0;
		};
/* End PBXResourcesBuildPhase section */

/* Begin PBXSourcesBuildPhase section */
		B54DCF8C28C5134E00FBBAE3 /* Sources */ = {
			isa = PBXSourcesBuildPhase;
			buildActionMask = 2147483647;
			files = (
				B51AD1C228CA439700888CDD /* Graphique.swift in Sources */,
				B54DCF9828C5134E00FBBAE3 /* ViewController.swift in Sources */,
				B517AB8528D8FB6A005FF834 /* GrandCamembert.swift in Sources */,
				B5D81F1D28F30C0300188489 /* ViewControllerCredits.swift in Sources */,
				B5D81F1B28F2126300188489 /* CelluleCredits.swift in Sources */,
				B54DCF9428C5134E00FBBAE3 /* AppDelegate.swift in Sources */,
				B51AD1C028CA382600888CDD /* extension-UIColor-MorgenStemning.swift in Sources */,
				B54DCF9628C5134E00FBBAE3 /* SceneDelegate.swift in Sources */,
				B5215E28290C7493008DA009 /* ViewControllerExplications.swift in Sources */,
				B54DCFAC28C51E4E00FBBAE3 /* CelluleEmission.swift in Sources */,
				B517AB8728D908A8005FF834 /* ViewControllerAvecCamembert.swift in Sources */,
				B5215E2A290D3BD5008DA009 /* CreationPDF.swift in Sources */,
				B54DCFA828C5172500FBBAE3 /* Data.swift in Sources */,
				B52DCA1B28DFA03F00DAA900 /* CouleursEEUdF.swift in Sources */,
			);
			runOnlyForDeploymentPostprocessing = 0;
		};
/* End PBXSourcesBuildPhase section */

/* Begin PBXVariantGroup section */
		B54DCF9928C5134E00FBBAE3 /* Main.storyboard */ = {
			isa = PBXVariantGroup;
			children = (
				B54DCF9A28C5134E00FBBAE3 /* Base */,
				B5E2D3312919BCE1001FEC93 /* fr */,
			);
			name = Main.storyboard;
			sourceTree = "<group>";
		};
		B54DCF9E28C5134E00FBBAE3 /* LaunchScreen.storyboard */ = {
			isa = PBXVariantGroup;
			children = (
				B54DCF9F28C5134E00FBBAE3 /* Base */,
				B5E2D3322919BCE1001FEC93 /* fr */,
			);
			name = LaunchScreen.storyboard;
			sourceTree = "<group>";
		};
/* End PBXVariantGroup section */

/* Begin XCBuildConfiguration section */
		B54DCFA228C5134E00FBBAE3 /* Debug */ = {
			isa = XCBuildConfiguration;
			buildSettings = {
				ALWAYS_SEARCH_USER_PATHS = NO;
				CLANG_ANALYZER_LOCALIZABILITY_NONLOCALIZED = YES;
				CLANG_ANALYZER_NONNULL = YES;
				CLANG_ANALYZER_NUMBER_OBJECT_CONVERSION = YES_AGGRESSIVE;
				CLANG_CXX_LANGUAGE_STANDARD = "gnu++17";
				CLANG_ENABLE_MODULES = YES;
				CLANG_ENABLE_OBJC_ARC = YES;
				CLANG_ENABLE_OBJC_WEAK = YES;
				CLANG_WARN_BLOCK_CAPTURE_AUTORELEASING = YES;
				CLANG_WARN_BOOL_CONVERSION = YES;
				CLANG_WARN_COMMA = YES;
				CLANG_WARN_CONSTANT_CONVERSION = YES;
				CLANG_WARN_DEPRECATED_OBJC_IMPLEMENTATIONS = YES;
				CLANG_WARN_DIRECT_OBJC_ISA_USAGE = YES_ERROR;
				CLANG_WARN_DOCUMENTATION_COMMENTS = YES;
				CLANG_WARN_EMPTY_BODY = YES;
				CLANG_WARN_ENUM_CONVERSION = YES;
				CLANG_WARN_INFINITE_RECURSION = YES;
				CLANG_WARN_INT_CONVERSION = YES;
				CLANG_WARN_NON_LITERAL_NULL_CONVERSION = YES;
				CLANG_WARN_OBJC_IMPLICIT_RETAIN_SELF = YES;
				CLANG_WARN_OBJC_LITERAL_CONVERSION = YES;
				CLANG_WARN_OBJC_ROOT_CLASS = YES_ERROR;
				CLANG_WARN_QUOTED_INCLUDE_IN_FRAMEWORK_HEADER = YES;
				CLANG_WARN_RANGE_LOOP_ANALYSIS = YES;
				CLANG_WARN_STRICT_PROTOTYPES = YES;
				CLANG_WARN_SUSPICIOUS_MOVE = YES;
				CLANG_WARN_UNGUARDED_AVAILABILITY = YES_AGGRESSIVE;
				CLANG_WARN_UNREACHABLE_CODE = YES;
				CLANG_WARN__DUPLICATE_METHOD_MATCH = YES;
				COPY_PHASE_STRIP = NO;
				DEBUG_INFORMATION_FORMAT = dwarf;
				ENABLE_STRICT_OBJC_MSGSEND = YES;
				ENABLE_TESTABILITY = YES;
				GCC_C_LANGUAGE_STANDARD = gnu11;
				GCC_DYNAMIC_NO_PIC = NO;
				GCC_NO_COMMON_BLOCKS = YES;
				GCC_OPTIMIZATION_LEVEL = 0;
				GCC_PREPROCESSOR_DEFINITIONS = (
					"DEBUG=1",
					"$(inherited)",
				);
				GCC_WARN_64_TO_32_BIT_CONVERSION = YES;
				GCC_WARN_ABOUT_RETURN_TYPE = YES_ERROR;
				GCC_WARN_UNDECLARED_SELECTOR = YES;
				GCC_WARN_UNINITIALIZED_AUTOS = YES_AGGRESSIVE;
				GCC_WARN_UNUSED_FUNCTION = YES;
				GCC_WARN_UNUSED_VARIABLE = YES;
				IPHONEOS_DEPLOYMENT_TARGET = 11.0;
				MTL_ENABLE_DEBUG_INFO = INCLUDE_SOURCE;
				MTL_FAST_MATH = YES;
				ONLY_ACTIVE_ARCH = YES;
				SDKROOT = iphoneos;
				SWIFT_ACTIVE_COMPILATION_CONDITIONS = DEBUG;
				SWIFT_OPTIMIZATION_LEVEL = "-Onone";
			};
			name = Debug;
		};
		B54DCFA328C5134E00FBBAE3 /* Release */ = {
			isa = XCBuildConfiguration;
			buildSettings = {
				ALWAYS_SEARCH_USER_PATHS = NO;
				CLANG_ANALYZER_LOCALIZABILITY_NONLOCALIZED = YES;
				CLANG_ANALYZER_NONNULL = YES;
				CLANG_ANALYZER_NUMBER_OBJECT_CONVERSION = YES_AGGRESSIVE;
				CLANG_CXX_LANGUAGE_STANDARD = "gnu++17";
				CLANG_ENABLE_MODULES = YES;
				CLANG_ENABLE_OBJC_ARC = YES;
				CLANG_ENABLE_OBJC_WEAK = YES;
				CLANG_WARN_BLOCK_CAPTURE_AUTORELEASING = YES;
				CLANG_WARN_BOOL_CONVERSION = YES;
				CLANG_WARN_COMMA = YES;
				CLANG_WARN_CONSTANT_CONVERSION = YES;
				CLANG_WARN_DEPRECATED_OBJC_IMPLEMENTATIONS = YES;
				CLANG_WARN_DIRECT_OBJC_ISA_USAGE = YES_ERROR;
				CLANG_WARN_DOCUMENTATION_COMMENTS = YES;
				CLANG_WARN_EMPTY_BODY = YES;
				CLANG_WARN_ENUM_CONVERSION = YES;
				CLANG_WARN_INFINITE_RECURSION = YES;
				CLANG_WARN_INT_CONVERSION = YES;
				CLANG_WARN_NON_LITERAL_NULL_CONVERSION = YES;
				CLANG_WARN_OBJC_IMPLICIT_RETAIN_SELF = YES;
				CLANG_WARN_OBJC_LITERAL_CONVERSION = YES;
				CLANG_WARN_OBJC_ROOT_CLASS = YES_ERROR;
				CLANG_WARN_QUOTED_INCLUDE_IN_FRAMEWORK_HEADER = YES;
				CLANG_WARN_RANGE_LOOP_ANALYSIS = YES;
				CLANG_WARN_STRICT_PROTOTYPES = YES;
				CLANG_WARN_SUSPICIOUS_MOVE = YES;
				CLANG_WARN_UNGUARDED_AVAILABILITY = YES_AGGRESSIVE;
				CLANG_WARN_UNREACHABLE_CODE = YES;
				CLANG_WARN__DUPLICATE_METHOD_MATCH = YES;
				COPY_PHASE_STRIP = NO;
				DEBUG_INFORMATION_FORMAT = "dwarf-with-dsym";
				ENABLE_NS_ASSERTIONS = NO;
				ENABLE_STRICT_OBJC_MSGSEND = YES;
				GCC_C_LANGUAGE_STANDARD = gnu11;
				GCC_NO_COMMON_BLOCKS = YES;
				GCC_WARN_64_TO_32_BIT_CONVERSION = YES;
				GCC_WARN_ABOUT_RETURN_TYPE = YES_ERROR;
				GCC_WARN_UNDECLARED_SELECTOR = YES;
				GCC_WARN_UNINITIALIZED_AUTOS = YES_AGGRESSIVE;
				GCC_WARN_UNUSED_FUNCTION = YES;
				GCC_WARN_UNUSED_VARIABLE = YES;
				IPHONEOS_DEPLOYMENT_TARGET = 11.0;
				MTL_ENABLE_DEBUG_INFO = NO;
				MTL_FAST_MATH = YES;
				SDKROOT = iphoneos;
				SWIFT_COMPILATION_MODE = wholemodule;
				SWIFT_OPTIMIZATION_LEVEL = "-O";
				VALIDATE_PRODUCT = YES;
			};
			name = Release;
		};
		B54DCFA528C5134E00FBBAE3 /* Debug */ = {
			isa = XCBuildConfiguration;
			buildSettings = {
				ASSETCATALOG_COMPILER_APPICON_NAME = AppIcon;
				ASSETCATALOG_COMPILER_GLOBAL_ACCENT_COLOR_NAME = AccentColor;
				CODE_SIGN_ENTITLEMENTS = VersionApple/BilanCO2.entitlements;
				CODE_SIGN_IDENTITY = "Apple Development";
				CODE_SIGN_STYLE = Automatic;
				CURRENT_PROJECT_VERSION = 12;
				DEVELOPMENT_TEAM = L3A73K7T3G;
				GENERATE_INFOPLIST_FILE = YES;
				INFOPLIST_FILE = VersionApple/Info.plist;
				INFOPLIST_KEY_CFBundleDisplayName = "Bilan CO₂";
				INFOPLIST_KEY_UIApplicationSupportsIndirectInputEvents = YES;
				INFOPLIST_KEY_UILaunchStoryboardName = LaunchScreen;
				INFOPLIST_KEY_UIMainStoryboardFile = Main;
				INFOPLIST_KEY_UIRequiredDeviceCapabilities = armv7;
				INFOPLIST_KEY_UIStatusBarStyle = "";
				INFOPLIST_KEY_UISupportedInterfaceOrientations = "UIInterfaceOrientationPortrait UIInterfaceOrientationPortraitUpsideDown UIInterfaceOrientationLandscapeLeft UIInterfaceOrientationLandscapeRight";
				INFOPLIST_KEY_UISupportedInterfaceOrientations_iPad = "UIInterfaceOrientationPortrait UIInterfaceOrientationPortraitUpsideDown UIInterfaceOrientationLandscapeLeft UIInterfaceOrientationLandscapeRight";
				INFOPLIST_KEY_UISupportedInterfaceOrientations_iPhone = "UIInterfaceOrientationPortrait UIInterfaceOrientationLandscapeLeft UIInterfaceOrientationLandscapeRight";
				INFOPLIST_KEY_UIUserInterfaceStyle = Light;
				IPHONEOS_DEPLOYMENT_TARGET = 9.0;
				LD_RUNPATH_SEARCH_PATHS = (
					"$(inherited)",
					"@executable_path/Frameworks",
				);
				MARKETING_VERSION = 1.0;
				PRODUCT_BUNDLE_IDENTIFIER = JK.BilanCO2;
				PRODUCT_NAME = "$(TARGET_NAME)";
				PROVISIONING_PROFILE_SPECIFIER = "";
				SUPPORTED_PLATFORMS = "iphoneos iphonesimulator";
				SUPPORTS_MACCATALYST = YES;
				SUPPORTS_MAC_DESIGNED_FOR_IPHONE_IPAD = YES;
				SWIFT_EMIT_LOC_STRINGS = YES;
				SWIFT_VERSION = 5.0;
				TARGETED_DEVICE_FAMILY = "1,2";
			};
			name = Debug;
		};
		B54DCFA628C5134E00FBBAE3 /* Release */ = {
			isa = XCBuildConfiguration;
			buildSettings = {
				ASSETCATALOG_COMPILER_APPICON_NAME = AppIcon;
				ASSETCATALOG_COMPILER_GLOBAL_ACCENT_COLOR_NAME = AccentColor;
				CODE_SIGN_ENTITLEMENTS = VersionApple/BilanCO2.entitlements;
				CODE_SIGN_IDENTITY = "Apple Development";
				CODE_SIGN_STYLE = Automatic;
				CURRENT_PROJECT_VERSION = 12;
				DEVELOPMENT_TEAM = L3A73K7T3G;
				GENERATE_INFOPLIST_FILE = YES;
				INFOPLIST_FILE = VersionApple/Info.plist;
				INFOPLIST_KEY_CFBundleDisplayName = "Bilan CO₂";
				INFOPLIST_KEY_UIApplicationSupportsIndirectInputEvents = YES;
				INFOPLIST_KEY_UILaunchStoryboardName = LaunchScreen;
				INFOPLIST_KEY_UIMainStoryboardFile = Main;
				INFOPLIST_KEY_UIRequiredDeviceCapabilities = armv7;
				INFOPLIST_KEY_UIStatusBarStyle = "";
				INFOPLIST_KEY_UISupportedInterfaceOrientations = "UIInterfaceOrientationPortrait UIInterfaceOrientationPortraitUpsideDown UIInterfaceOrientationLandscapeLeft UIInterfaceOrientationLandscapeRight";
				INFOPLIST_KEY_UISupportedInterfaceOrientations_iPad = "UIInterfaceOrientationPortrait UIInterfaceOrientationPortraitUpsideDown UIInterfaceOrientationLandscapeLeft UIInterfaceOrientationLandscapeRight";
				INFOPLIST_KEY_UISupportedInterfaceOrientations_iPhone = "UIInterfaceOrientationPortrait UIInterfaceOrientationLandscapeLeft UIInterfaceOrientationLandscapeRight";
				INFOPLIST_KEY_UIUserInterfaceStyle = Light;
				IPHONEOS_DEPLOYMENT_TARGET = 9.0;
				LD_RUNPATH_SEARCH_PATHS = (
					"$(inherited)",
					"@executable_path/Frameworks",
				);
				MARKETING_VERSION = 1.0;
				PRODUCT_BUNDLE_IDENTIFIER = JK.BilanCO2;
				PRODUCT_NAME = "$(TARGET_NAME)";
				PROVISIONING_PROFILE_SPECIFIER = "";
				SUPPORTED_PLATFORMS = "iphoneos iphonesimulator";
				SUPPORTS_MACCATALYST = YES;
				SUPPORTS_MAC_DESIGNED_FOR_IPHONE_IPAD = YES;
				SWIFT_EMIT_LOC_STRINGS = YES;
				SWIFT_VERSION = 5.0;
				TARGETED_DEVICE_FAMILY = "1,2";
			};
			name = Release;
		};
/* End XCBuildConfiguration section */

/* Begin XCConfigurationList section */
		B54DCF8B28C5134E00FBBAE3 /* Build configuration list for PBXProject "Bilan CO2 camp scout" */ = {
			isa = XCConfigurationList;
			buildConfigurations = (
				B54DCFA228C5134E00FBBAE3 /* Debug */,
				B54DCFA328C5134E00FBBAE3 /* Release */,
			);
			defaultConfigurationIsVisible = 0;
			defaultConfigurationName = Release;
		};
		B54DCFA428C5134E00FBBAE3 /* Build configuration list for PBXNativeTarget "Bilan CO2 camp scout" */ = {
			isa = XCConfigurationList;
			buildConfigurations = (
				B54DCFA528C5134E00FBBAE3 /* Debug */,
				B54DCFA628C5134E00FBBAE3 /* Release */,
			);
			defaultConfigurationIsVisible = 0;
			defaultConfigurationName = Release;
		};
/* End XCConfigurationList section */
	};
	rootObject = B54DCF8828C5134E00FBBAE3 /* Project object */;
}
