// !$*UTF8*$!
{
	archiveVersion = 1;
	classes = {
	};
	objectVersion = 55;
	objects = {

/* Begin PBXBuildFile section */
		B50375DD2ABCD6A900158EB4 /* InfoPlist.strings in Resources */ = {isa = PBXBuildFile; fileRef = B50375DF2ABCD6A900158EB4 /* InfoPlist.strings */; };
		B510EB9F29A033AE00C116D6 /* EmailSubjectActivityItemSource.swift in Sources */ = {isa = PBXBuildFile; fileRef = B510EB9E29A033AE00C116D6 /* EmailSubjectActivityItemSource.swift */; };
		B5154B032B0423D50075D50A /* Assets.xcassets in Resources */ = {isa = PBXBuildFile; fileRef = B5154B022B0423D50075D50A /* Assets.xcassets */; };
		B5154B0D2B0424E80075D50A /* Assets.xcassets in Resources */ = {isa = PBXBuildFile; fileRef = B54DCF9C28C5134E00FBBAE3 /* Assets.xcassets */; };
		B5154B0E2B0424FF0075D50A /* Main.storyboard in Resources */ = {isa = PBXBuildFile; fileRef = B54DCF9928C5134E00FBBAE3 /* Main.storyboard */; };
		B5154B0F2B0425050075D50A /* SceneDelegate.swift in Sources */ = {isa = PBXBuildFile; fileRef = B54DCF9528C5134E00FBBAE3 /* SceneDelegate.swift */; };
		B5154B102B0425050075D50A /* Data.swift in Sources */ = {isa = PBXBuildFile; fileRef = B54DCFA728C5172500FBBAE3 /* Data.swift */; };
		B5154B112B0425050075D50A /* Graphique.swift in Sources */ = {isa = PBXBuildFile; fileRef = B51AD1C128CA439700888CDD /* Graphique.swift */; };
		B5154B122B0425050075D50A /* AppDelegate.swift in Sources */ = {isa = PBXBuildFile; fileRef = B54DCF9328C5134E00FBBAE3 /* AppDelegate.swift */; };
		B5154B132B0425050075D50A /* ViewControllerExplications.swift in Sources */ = {isa = PBXBuildFile; fileRef = B5215E27290C7493008DA009 /* ViewControllerExplications.swift */; };
		B5154B142B0425050075D50A /* CelluleVide.swift in Sources */ = {isa = PBXBuildFile; fileRef = B5FB6498297335D600F50436 /* CelluleVide.swift */; };
		B5154B152B0425050075D50A /* ViewController.swift in Sources */ = {isa = PBXBuildFile; fileRef = B54DCF9728C5134E00FBBAE3 /* ViewController.swift */; };
		B5154B162B0425050075D50A /* Couleurs.swift in Sources */ = {isa = PBXBuildFile; fileRef = B52DCA1A28DFA03F00DAA900 /* Couleurs.swift */; };
		B5154B172B0425050075D50A /* CelluleEmission.swift in Sources */ = {isa = PBXBuildFile; fileRef = B54DCFAB28C51E4E00FBBAE3 /* CelluleEmission.swift */; };
		B5154B182B0425050075D50A /* CelluleExplications.swift in Sources */ = {isa = PBXBuildFile; fileRef = B5716E12296C8CC7008EE908 /* CelluleExplications.swift */; };
		B5154B192B0425050075D50A /* ViewControllerAvecCamembert.swift in Sources */ = {isa = PBXBuildFile; fileRef = B517AB8628D908A8005FF834 /* ViewControllerAvecCamembert.swift */; };
		B5154B1A2B0425050075D50A /* CelluleCredits.swift in Sources */ = {isa = PBXBuildFile; fileRef = B5D81F1A28F2126300188489 /* CelluleCredits.swift */; };
		B5154B1B2B0425050075D50A /* EmailSubjectActivityItemSource.swift in Sources */ = {isa = PBXBuildFile; fileRef = B510EB9E29A033AE00C116D6 /* EmailSubjectActivityItemSource.swift */; };
		B5154B1C2B0425850075D50A /* Localizable.strings in Resources */ = {isa = PBXBuildFile; fileRef = B5E0FE89292A5044001D0790 /* Localizable.strings */; };
		B5154B1E2B0425950075D50A /* PageBlanche.pdf in Resources */ = {isa = PBXBuildFile; fileRef = B56DBCE52974A0BB00AC1DA5 /* PageBlanche.pdf */; };
		B5154B222B0427F20075D50A /* Assets.xcassets in Resources */ = {isa = PBXBuildFile; fileRef = B5154B212B0427DB0075D50A /* Assets.xcassets */; };
		B5154B232B0428360075D50A /* DataInternationalCongres.csv in Resources */ = {isa = PBXBuildFile; fileRef = B5154B1F2B0425C00075D50A /* DataInternationalCongres.csv */; };
		B5154B252B04289C0075D50A /* ParametresCongres.swift in Sources */ = {isa = PBXBuildFile; fileRef = B5154B242B04289C0075D50A /* ParametresCongres.swift */; };
		B5154B272B0428C10075D50A /* ParametresCamps.swift in Sources */ = {isa = PBXBuildFile; fileRef = B5154B262B0428C10075D50A /* ParametresCamps.swift */; };
		B517AB8728D908A8005FF834 /* ViewControllerAvecCamembert.swift in Sources */ = {isa = PBXBuildFile; fileRef = B517AB8628D908A8005FF834 /* ViewControllerAvecCamembert.swift */; };
		B51AD1C028CA382600888CDD /* extension-UIColor-MorgenStemning.swift in Sources */ = {isa = PBXBuildFile; fileRef = B51AD1BF28CA382600888CDD /* extension-UIColor-MorgenStemning.swift */; };
		B51AD1C228CA439700888CDD /* Graphique.swift in Sources */ = {isa = PBXBuildFile; fileRef = B51AD1C128CA439700888CDD /* Graphique.swift */; };
		B51FD8EC2B17935000F54E55 /* InfoPlist.strings in Resources */ = {isa = PBXBuildFile; fileRef = B51FD8EE2B17935000F54E55 /* InfoPlist.strings */; };
		B51FD8F32B18CDE200F54E55 /* LaunchScreen.storyboard in Resources */ = {isa = PBXBuildFile; fileRef = B51FD8F22B18CD8700F54E55 /* LaunchScreen.storyboard */; };
		B5215E28290C7493008DA009 /* ViewControllerExplications.swift in Sources */ = {isa = PBXBuildFile; fileRef = B5215E27290C7493008DA009 /* ViewControllerExplications.swift */; };
		B5215E2A290D3BD5008DA009 /* CreationPDF.swift in Sources */ = {isa = PBXBuildFile; fileRef = B5215E29290D3BD5008DA009 /* CreationPDF.swift */; };
		B52DCA1B28DFA03F00DAA900 /* Couleurs.swift in Sources */ = {isa = PBXBuildFile; fileRef = B52DCA1A28DFA03F00DAA900 /* Couleurs.swift */; };
		B54DCF9428C5134E00FBBAE3 /* AppDelegate.swift in Sources */ = {isa = PBXBuildFile; fileRef = B54DCF9328C5134E00FBBAE3 /* AppDelegate.swift */; };
		B54DCF9628C5134E00FBBAE3 /* SceneDelegate.swift in Sources */ = {isa = PBXBuildFile; fileRef = B54DCF9528C5134E00FBBAE3 /* SceneDelegate.swift */; };
		B54DCF9828C5134E00FBBAE3 /* ViewController.swift in Sources */ = {isa = PBXBuildFile; fileRef = B54DCF9728C5134E00FBBAE3 /* ViewController.swift */; };
		B54DCF9B28C5134E00FBBAE3 /* Main.storyboard in Resources */ = {isa = PBXBuildFile; fileRef = B54DCF9928C5134E00FBBAE3 /* Main.storyboard */; };
		B54DCF9D28C5134E00FBBAE3 /* Assets.xcassets in Resources */ = {isa = PBXBuildFile; fileRef = B54DCF9C28C5134E00FBBAE3 /* Assets.xcassets */; };
		B54DCFA828C5172500FBBAE3 /* Data.swift in Sources */ = {isa = PBXBuildFile; fileRef = B54DCFA728C5172500FBBAE3 /* Data.swift */; };
		B54DCFAC28C51E4E00FBBAE3 /* CelluleEmission.swift in Sources */ = {isa = PBXBuildFile; fileRef = B54DCFAB28C51E4E00FBBAE3 /* CelluleEmission.swift */; };
		B56DBCE62974A0BB00AC1DA5 /* PageBlanche.pdf in Resources */ = {isa = PBXBuildFile; fileRef = B56DBCE52974A0BB00AC1DA5 /* PageBlanche.pdf */; };
		B5716E13296C8CC7008EE908 /* CelluleExplications.swift in Sources */ = {isa = PBXBuildFile; fileRef = B5716E12296C8CC7008EE908 /* CelluleExplications.swift */; };
		B5BB25D029A2191000B29278 /* DataInternationalCamps.csv in Resources */ = {isa = PBXBuildFile; fileRef = B5BB25CF29A2190900B29278 /* DataInternationalCamps.csv */; };
		B5BE1CB02B1F4F6D0059A76A /* LaunchScreen.storyboard in Resources */ = {isa = PBXBuildFile; fileRef = B51FD8F02B18CD6C00F54E55 /* LaunchScreen.storyboard */; };
		B5D576002B26027F00ACA991 /* DataInternationalCongresIndividuel.csv in Resources */ = {isa = PBXBuildFile; fileRef = B5D575FF2B26027F00ACA991 /* DataInternationalCongresIndividuel.csv */; };
		B5D81F1B28F2126300188489 /* CelluleCredits.swift in Sources */ = {isa = PBXBuildFile; fileRef = B5D81F1A28F2126300188489 /* CelluleCredits.swift */; };
		B5E0FE87292A5044001D0790 /* Localizable.strings in Resources */ = {isa = PBXBuildFile; fileRef = B5E0FE89292A5044001D0790 /* Localizable.strings */; };
		B5FB6499297335D600F50436 /* CelluleVide.swift in Sources */ = {isa = PBXBuildFile; fileRef = B5FB6498297335D600F50436 /* CelluleVide.swift */; };
		B5FCF9F82961AB7C00C7192E /* UILabelSize.swift in Sources */ = {isa = PBXBuildFile; fileRef = B5FCF9F72961AB7C00C7192E /* UILabelSize.swift */; };
/* End PBXBuildFile section */

/* Begin PBXFileReference section */
		B50375DE2ABCD6A900158EB4 /* en */ = {isa = PBXFileReference; lastKnownFileType = text.plist.strings; name = en; path = en.lproj/InfoPlist.strings; sourceTree = "<group>"; };
		B50375E02ABCD6AA00158EB4 /* fr */ = {isa = PBXFileReference; lastKnownFileType = text.plist.strings; name = fr; path = fr.lproj/InfoPlist.strings; sourceTree = "<group>"; };
		B510EB9E29A033AE00C116D6 /* EmailSubjectActivityItemSource.swift */ = {isa = PBXFileReference; lastKnownFileType = sourcecode.swift; path = EmailSubjectActivityItemSource.swift; sourceTree = "<group>"; };
		B5154AF72B0423D30075D50A /* Bilan CO2 Congres.app */ = {isa = PBXFileReference; explicitFileType = wrapper.application; includeInIndex = 0; path = "Bilan CO2 Congres.app"; sourceTree = BUILT_PRODUCTS_DIR; };
		B5154B022B0423D50075D50A /* Assets.xcassets */ = {isa = PBXFileReference; lastKnownFileType = folder.assetcatalog; path = Assets.xcassets; sourceTree = "<group>"; };
		B5154B072B0423D50075D50A /* Info.plist */ = {isa = PBXFileReference; lastKnownFileType = text.plist.xml; path = Info.plist; sourceTree = "<group>"; };
		B5154B0B2B04240A0075D50A /* Bilan CO2 Congres.entitlements */ = {isa = PBXFileReference; lastKnownFileType = text.plist.entitlements; path = "Bilan CO2 Congres.entitlements"; sourceTree = "<group>"; };
		B5154B1F2B0425C00075D50A /* DataInternationalCongres.csv */ = {isa = PBXFileReference; lastKnownFileType = text; path = DataInternationalCongres.csv; sourceTree = "<group>"; };
		B5154B212B0427DB0075D50A /* Assets.xcassets */ = {isa = PBXFileReference; lastKnownFileType = folder.assetcatalog; path = Assets.xcassets; sourceTree = "<group>"; };
		B5154B242B04289C0075D50A /* ParametresCongres.swift */ = {isa = PBXFileReference; lastKnownFileType = sourcecode.swift; path = ParametresCongres.swift; sourceTree = "<group>"; };
		B5154B262B0428C10075D50A /* ParametresCamps.swift */ = {isa = PBXFileReference; lastKnownFileType = sourcecode.swift; path = ParametresCamps.swift; sourceTree = "<group>"; };
		B517AB8628D908A8005FF834 /* ViewControllerAvecCamembert.swift */ = {isa = PBXFileReference; lastKnownFileType = sourcecode.swift; path = ViewControllerAvecCamembert.swift; sourceTree = "<group>"; };
		B51AD1BF28CA382600888CDD /* extension-UIColor-MorgenStemning.swift */ = {isa = PBXFileReference; fileEncoding = 4; lastKnownFileType = sourcecode.swift; path = "extension-UIColor-MorgenStemning.swift"; sourceTree = "<group>"; };
		B51AD1C128CA439700888CDD /* Graphique.swift */ = {isa = PBXFileReference; lastKnownFileType = sourcecode.swift; path = Graphique.swift; sourceTree = "<group>"; };
		B51FD8ED2B17935000F54E55 /* en */ = {isa = PBXFileReference; lastKnownFileType = text.plist.strings; name = en; path = en.lproj/InfoPlist.strings; sourceTree = "<group>"; };
		B51FD8EF2B17935100F54E55 /* fr */ = {isa = PBXFileReference; lastKnownFileType = text.plist.strings; name = fr; path = fr.lproj/InfoPlist.strings; sourceTree = "<group>"; };
		B51FD8F12B18CD6C00F54E55 /* Base */ = {isa = PBXFileReference; lastKnownFileType = file.storyboard; name = Base; path = Base.lproj/LaunchScreen.storyboard; sourceTree = "<group>"; };
		B51FD8F22B18CD8700F54E55 /* LaunchScreen.storyboard */ = {isa = PBXFileReference; lastKnownFileType = file.storyboard; path = LaunchScreen.storyboard; sourceTree = "<group>"; };
		B5215E27290C7493008DA009 /* ViewControllerExplications.swift */ = {isa = PBXFileReference; lastKnownFileType = sourcecode.swift; path = ViewControllerExplications.swift; sourceTree = "<group>"; };
		B5215E29290D3BD5008DA009 /* CreationPDF.swift */ = {isa = PBXFileReference; lastKnownFileType = sourcecode.swift; path = CreationPDF.swift; sourceTree = "<group>"; };
		B52DCA1A28DFA03F00DAA900 /* Couleurs.swift */ = {isa = PBXFileReference; lastKnownFileType = sourcecode.swift; path = Couleurs.swift; sourceTree = "<group>"; };
		B54DCF9028C5134E00FBBAE3 /* Bilan CO2 camp scout.app */ = {isa = PBXFileReference; explicitFileType = wrapper.application; includeInIndex = 0; path = "Bilan CO2 camp scout.app"; sourceTree = BUILT_PRODUCTS_DIR; };
		B54DCF9328C5134E00FBBAE3 /* AppDelegate.swift */ = {isa = PBXFileReference; lastKnownFileType = sourcecode.swift; path = AppDelegate.swift; sourceTree = "<group>"; };
		B54DCF9528C5134E00FBBAE3 /* SceneDelegate.swift */ = {isa = PBXFileReference; lastKnownFileType = sourcecode.swift; path = SceneDelegate.swift; sourceTree = "<group>"; };
		B54DCF9728C5134E00FBBAE3 /* ViewController.swift */ = {isa = PBXFileReference; lastKnownFileType = sourcecode.swift; path = ViewController.swift; sourceTree = "<group>"; };
		B54DCF9A28C5134E00FBBAE3 /* Base */ = {isa = PBXFileReference; lastKnownFileType = file.storyboard; name = Base; path = Base.lproj/Main.storyboard; sourceTree = "<group>"; };
		B54DCF9C28C5134E00FBBAE3 /* Assets.xcassets */ = {isa = PBXFileReference; lastKnownFileType = folder.assetcatalog; path = Assets.xcassets; sourceTree = "<group>"; };
		B54DCFA128C5134E00FBBAE3 /* Info.plist */ = {isa = PBXFileReference; lastKnownFileType = text.plist.xml; path = Info.plist; sourceTree = "<group>"; };
		B54DCFA728C5172500FBBAE3 /* Data.swift */ = {isa = PBXFileReference; lastKnownFileType = sourcecode.swift; path = Data.swift; sourceTree = "<group>"; };
		B54DCFAB28C51E4E00FBBAE3 /* CelluleEmission.swift */ = {isa = PBXFileReference; lastKnownFileType = sourcecode.swift; path = CelluleEmission.swift; sourceTree = "<group>"; };
		B56DBCE52974A0BB00AC1DA5 /* PageBlanche.pdf */ = {isa = PBXFileReference; lastKnownFileType = image.pdf; path = PageBlanche.pdf; sourceTree = "<group>"; };
		B56E3203296AB72300276CE8 /* ToDoList.txt */ = {isa = PBXFileReference; fileEncoding = 4; lastKnownFileType = text; path = ToDoList.txt; sourceTree = "<group>"; };
		B5716E12296C8CC7008EE908 /* CelluleExplications.swift */ = {isa = PBXFileReference; lastKnownFileType = sourcecode.swift; path = CelluleExplications.swift; sourceTree = "<group>"; };
		B5ACCDEA28D7075B00565528 /* BilanCO2.entitlements */ = {isa = PBXFileReference; lastKnownFileType = text.plist.entitlements; path = BilanCO2.entitlements; sourceTree = "<group>"; };
		B5BB25CF29A2190900B29278 /* DataInternationalCamps.csv */ = {isa = PBXFileReference; fileEncoding = 4; lastKnownFileType = text; path = DataInternationalCamps.csv; sourceTree = "<group>"; };
		B5D575FF2B26027F00ACA991 /* DataInternationalCongresIndividuel.csv */ = {isa = PBXFileReference; lastKnownFileType = text; name = DataInternationalCongresIndividuel.csv; path = DonneesConferences/DataInternationalCongresIndividuel.csv; sourceTree = SOURCE_ROOT; };
		B5D81F1A28F2126300188489 /* CelluleCredits.swift */ = {isa = PBXFileReference; lastKnownFileType = sourcecode.swift; path = CelluleCredits.swift; sourceTree = "<group>"; };
		B5E0FE88292A5044001D0790 /* en */ = {isa = PBXFileReference; lastKnownFileType = text.plist.strings; name = en; path = en.lproj/Localizable.strings; sourceTree = "<group>"; };
		B5E0FE8A292A5049001D0790 /* fr */ = {isa = PBXFileReference; lastKnownFileType = text.plist.strings; name = fr; path = fr.lproj/Localizable.strings; sourceTree = "<group>"; };
		B5E0FE8C292A507B001D0790 /* en */ = {isa = PBXFileReference; lastKnownFileType = text.plist.strings; name = en; path = en.lproj/Main.strings; sourceTree = "<group>"; };
		B5E2D3312919BCE1001FEC93 /* fr */ = {isa = PBXFileReference; lastKnownFileType = text.plist.strings; name = fr; path = fr.lproj/Main.strings; sourceTree = "<group>"; };
		B5FB6498297335D600F50436 /* CelluleVide.swift */ = {isa = PBXFileReference; lastKnownFileType = sourcecode.swift; path = CelluleVide.swift; sourceTree = "<group>"; };
		B5FCF9F72961AB7C00C7192E /* UILabelSize.swift */ = {isa = PBXFileReference; fileEncoding = 4; lastKnownFileType = sourcecode.swift; path = UILabelSize.swift; sourceTree = "<group>"; };
/* End PBXFileReference section */

/* Begin PBXFrameworksBuildPhase section */
		B5154AF42B0423D30075D50A /* Frameworks */ = {
			isa = PBXFrameworksBuildPhase;
			buildActionMask = 2147483647;
			files = (
			);
			runOnlyForDeploymentPostprocessing = 0;
		};
		B54DCF8D28C5134E00FBBAE3 /* Frameworks */ = {
			isa = PBXFrameworksBuildPhase;
			buildActionMask = 2147483647;
			files = (
			);
			runOnlyForDeploymentPostprocessing = 0;
		};
/* End PBXFrameworksBuildPhase section */

/* Begin PBXGroup section */
		B5154AF82B0423D30075D50A /* Bilan CO2 Congres */ = {
			isa = PBXGroup;
			children = (
				B51FD8F22B18CD8700F54E55 /* LaunchScreen.storyboard */,
				B51FD8EE2B17935000F54E55 /* InfoPlist.strings */,
				B5154B1F2B0425C00075D50A /* DataInternationalCongres.csv */,
				B5D575FF2B26027F00ACA991 /* DataInternationalCongresIndividuel.csv */,
				B5154B0B2B04240A0075D50A /* Bilan CO2 Congres.entitlements */,
				B5154B242B04289C0075D50A /* ParametresCongres.swift */,
				B5154B022B0423D50075D50A /* Assets.xcassets */,
				B5154B072B0423D50075D50A /* Info.plist */,
			);
			path = "Bilan CO2 Congres";
			sourceTree = "<group>";
		};
		B5154B202B0427C60075D50A /* Bilan CO2 Camps */ = {
			isa = PBXGroup;
			children = (
				B51FD8F02B18CD6C00F54E55 /* LaunchScreen.storyboard */,
				B50375DF2ABCD6A900158EB4 /* InfoPlist.strings */,
				B5BB25CF29A2190900B29278 /* DataInternationalCamps.csv */,
				B5154B212B0427DB0075D50A /* Assets.xcassets */,
				B5154B262B0428C10075D50A /* ParametresCamps.swift */,
			);
			path = "Bilan CO2 Camps";
			sourceTree = "<group>";
		};
		B5215E2B290D3C24008DA009 /* PasUtilise */ = {
			isa = PBXGroup;
			children = (
				B5FCF9F72961AB7C00C7192E /* UILabelSize.swift */,
				B5215E29290D3BD5008DA009 /* CreationPDF.swift */,
				B51AD1BF28CA382600888CDD /* extension-UIColor-MorgenStemning.swift */,
			);
			path = PasUtilise;
			sourceTree = "<group>";
		};
		B54DCF8728C5134E00FBBAE3 = {
			isa = PBXGroup;
			children = (
				B54DCF9228C5134E00FBBAE3 /* VersionApple */,
				B54DCF9128C5134E00FBBAE3 /* Products */,
			);
			sourceTree = "<group>";
		};
		B54DCF9128C5134E00FBBAE3 /* Products */ = {
			isa = PBXGroup;
			children = (
				B54DCF9028C5134E00FBBAE3 /* Bilan CO2 camp scout.app */,
				B5154AF72B0423D30075D50A /* Bilan CO2 Congres.app */,
			);
			name = Products;
			sourceTree = "<group>";
		};
		B54DCF9228C5134E00FBBAE3 /* VersionApple */ = {
			isa = PBXGroup;
			children = (
				B56E3203296AB72300276CE8 /* ToDoList.txt */,
				B5154AF82B0423D30075D50A /* Bilan CO2 Congres */,
				B5154B202B0427C60075D50A /* Bilan CO2 Camps */,
				B56DBCE52974A0BB00AC1DA5 /* PageBlanche.pdf */,
				B5215E2B290D3C24008DA009 /* PasUtilise */,
				B5ACCDEA28D7075B00565528 /* BilanCO2.entitlements */,
				B5E0FE89292A5044001D0790 /* Localizable.strings */,
				B54DCF9328C5134E00FBBAE3 /* AppDelegate.swift */,
				B54DCF9528C5134E00FBBAE3 /* SceneDelegate.swift */,
				B54DCFA728C5172500FBBAE3 /* Data.swift */,
				B52DCA1A28DFA03F00DAA900 /* Couleurs.swift */,
				B510EB9E29A033AE00C116D6 /* EmailSubjectActivityItemSource.swift */,
				B54DCFAB28C51E4E00FBBAE3 /* CelluleEmission.swift */,
				B5716E12296C8CC7008EE908 /* CelluleExplications.swift */,
				B5FB6498297335D600F50436 /* CelluleVide.swift */,
				B5D81F1A28F2126300188489 /* CelluleCredits.swift */,
				B51AD1C128CA439700888CDD /* Graphique.swift */,
				B517AB8628D908A8005FF834 /* ViewControllerAvecCamembert.swift */,
				B5215E27290C7493008DA009 /* ViewControllerExplications.swift */,
				B54DCF9728C5134E00FBBAE3 /* ViewController.swift */,
				B54DCF9928C5134E00FBBAE3 /* Main.storyboard */,
				B54DCF9C28C5134E00FBBAE3 /* Assets.xcassets */,
				B54DCFA128C5134E00FBBAE3 /* Info.plist */,
			);
			path = VersionApple;
			sourceTree = "<group>";
		};
/* End PBXGroup section */

/* Begin PBXNativeTarget section */
		B5154AF62B0423D30075D50A /* Bilan CO2 Congres */ = {
			isa = PBXNativeTarget;
			buildConfigurationList = B5154B082B0423D50075D50A /* Build configuration list for PBXNativeTarget "Bilan CO2 Congres" */;
			buildPhases = (
				B5154AF32B0423D30075D50A /* Sources */,
				B5154AF42B0423D30075D50A /* Frameworks */,
				B5154AF52B0423D30075D50A /* Resources */,
			);
			buildRules = (
			);
			dependencies = (
			);
			name = "Bilan CO2 Congres";
			productName = "Bilan CO2 Congres";
			productReference = B5154AF72B0423D30075D50A /* Bilan CO2 Congres.app */;
			productType = "com.apple.product-type.application";
		};
		B54DCF8F28C5134E00FBBAE3 /* Bilan CO2 camp scout */ = {
			isa = PBXNativeTarget;
			buildConfigurationList = B54DCFA428C5134E00FBBAE3 /* Build configuration list for PBXNativeTarget "Bilan CO2 camp scout" */;
			buildPhases = (
				B54DCF8C28C5134E00FBBAE3 /* Sources */,
				B54DCF8D28C5134E00FBBAE3 /* Frameworks */,
				B54DCF8E28C5134E00FBBAE3 /* Resources */,
			);
			buildRules = (
			);
			dependencies = (
			);
			name = "Bilan CO2 camp scout";
			productName = BilanCO2;
			productReference = B54DCF9028C5134E00FBBAE3 /* Bilan CO2 camp scout.app */;
			productType = "com.apple.product-type.application";
		};
/* End PBXNativeTarget section */

/* Begin PBXProject section */
		B54DCF8828C5134E00FBBAE3 /* Project object */ = {
			isa = PBXProject;
			attributes = {
				BuildIndependentTargetsInParallel = 1;
				LastSwiftUpdateCheck = 1500;
				LastUpgradeCheck = 1340;
				TargetAttributes = {
					B5154AF62B0423D30075D50A = {
						CreatedOnToolsVersion = 15.0.1;
					};
					B54DCF8F28C5134E00FBBAE3 = {
						CreatedOnToolsVersion = 13.4.1;
					};
				};
			};
			buildConfigurationList = B54DCF8B28C5134E00FBBAE3 /* Build configuration list for PBXProject "Bilan CO2 camp scout" */;
			compatibilityVersion = "Xcode 13.0";
			developmentRegion = en;
			hasScannedForEncodings = 0;
			knownRegions = (
				en,
				Base,
				fr,
			);
			mainGroup = B54DCF8728C5134E00FBBAE3;
			productRefGroup = B54DCF9128C5134E00FBBAE3 /* Products */;
			projectDirPath = "";
			projectRoot = "";
			targets = (
				B54DCF8F28C5134E00FBBAE3 /* Bilan CO2 camp scout */,
				B5154AF62B0423D30075D50A /* Bilan CO2 Congres */,
			);
		};
/* End PBXProject section */

/* Begin PBXResourcesBuildPhase section */
		B5154AF52B0423D30075D50A /* Resources */ = {
			isa = PBXResourcesBuildPhase;
			buildActionMask = 2147483647;
			files = (
				B51FD8F32B18CDE200F54E55 /* LaunchScreen.storyboard in Resources */,
				B5154B1C2B0425850075D50A /* Localizable.strings in Resources */,
				B51FD8EC2B17935000F54E55 /* InfoPlist.strings in Resources */,
				B5154B232B0428360075D50A /* DataInternationalCongres.csv in Resources */,
				B5154B1E2B0425950075D50A /* PageBlanche.pdf in Resources */,
				B5154B0D2B0424E80075D50A /* Assets.xcassets in Resources */,
				B5D576002B26027F00ACA991 /* DataInternationalCongresIndividuel.csv in Resources */,
				B5154B032B0423D50075D50A /* Assets.xcassets in Resources */,
				B5154B0E2B0424FF0075D50A /* Main.storyboard in Resources */,
			);
			runOnlyForDeploymentPostprocessing = 0;
		};
		B54DCF8E28C5134E00FBBAE3 /* Resources */ = {
			isa = PBXResourcesBuildPhase;
			buildActionMask = 2147483647;
			files = (
				B5BE1CB02B1F4F6D0059A76A /* LaunchScreen.storyboard in Resources */,
				B56DBCE62974A0BB00AC1DA5 /* PageBlanche.pdf in Resources */,
				B50375DD2ABCD6A900158EB4 /* InfoPlist.strings in Resources */,
				B5E0FE87292A5044001D0790 /* Localizable.strings in Resources */,
				B54DCF9D28C5134E00FBBAE3 /* Assets.xcassets in Resources */,
				B5BB25D029A2191000B29278 /* DataInternationalCamps.csv in Resources */,
				B5154B222B0427F20075D50A /* Assets.xcassets in Resources */,
				B54DCF9B28C5134E00FBBAE3 /* Main.storyboard in Resources */,
			);
			runOnlyForDeploymentPostprocessing = 0;
		};
/* End PBXResourcesBuildPhase section */

/* Begin PBXSourcesBuildPhase section */
		B5154AF32B0423D30075D50A /* Sources */ = {
			isa = PBXSourcesBuildPhase;
			buildActionMask = 2147483647;
			files = (
				B5154B142B0425050075D50A /* CelluleVide.swift in Sources */,
				B5154B162B0425050075D50A /* Couleurs.swift in Sources */,
				B5154B172B0425050075D50A /* CelluleEmission.swift in Sources */,
				B5154B122B0425050075D50A /* AppDelegate.swift in Sources */,
				B5154B192B0425050075D50A /* ViewControllerAvecCamembert.swift in Sources */,
				B5154B112B0425050075D50A /* Graphique.swift in Sources */,
				B5154B1B2B0425050075D50A /* EmailSubjectActivityItemSource.swift in Sources */,
				B5154B0F2B0425050075D50A /* SceneDelegate.swift in Sources */,
				B5154B1A2B0425050075D50A /* CelluleCredits.swift in Sources */,
				B5154B152B0425050075D50A /* ViewController.swift in Sources */,
				B5154B182B0425050075D50A /* CelluleExplications.swift in Sources */,
				B5154B252B04289C0075D50A /* ParametresCongres.swift in Sources */,
				B5154B132B0425050075D50A /* ViewControllerExplications.swift in Sources */,
				B5154B102B0425050075D50A /* Data.swift in Sources */,
			);
			runOnlyForDeploymentPostprocessing = 0;
		};
		B54DCF8C28C5134E00FBBAE3 /* Sources */ = {
			isa = PBXSourcesBuildPhase;
			buildActionMask = 2147483647;
			files = (
				B51AD1C228CA439700888CDD /* Graphique.swift in Sources */,
				B54DCF9828C5134E00FBBAE3 /* ViewController.swift in Sources */,
				B5FCF9F82961AB7C00C7192E /* UILabelSize.swift in Sources */,
				B5D81F1B28F2126300188489 /* CelluleCredits.swift in Sources */,
				B510EB9F29A033AE00C116D6 /* EmailSubjectActivityItemSource.swift in Sources */,
				B54DCF9428C5134E00FBBAE3 /* AppDelegate.swift in Sources */,
				B51AD1C028CA382600888CDD /* extension-UIColor-MorgenStemning.swift in Sources */,
				B54DCF9628C5134E00FBBAE3 /* SceneDelegate.swift in Sources */,
				B5215E28290C7493008DA009 /* ViewControllerExplications.swift in Sources */,
				B54DCFAC28C51E4E00FBBAE3 /* CelluleEmission.swift in Sources */,
				B517AB8728D908A8005FF834 /* ViewControllerAvecCamembert.swift in Sources */,
				B5215E2A290D3BD5008DA009 /* CreationPDF.swift in Sources */,
				B5716E13296C8CC7008EE908 /* CelluleExplications.swift in Sources */,
				B5FB6499297335D600F50436 /* CelluleVide.swift in Sources */,
				B5154B272B0428C10075D50A /* ParametresCamps.swift in Sources */,
				B54DCFA828C5172500FBBAE3 /* Data.swift in Sources */,
				B52DCA1B28DFA03F00DAA900 /* Couleurs.swift in Sources */,
			);
			runOnlyForDeploymentPostprocessing = 0;
		};
/* End PBXSourcesBuildPhase section */

/* Begin PBXVariantGroup section */
		B50375DF2ABCD6A900158EB4 /* InfoPlist.strings */ = {
			isa = PBXVariantGroup;
			children = (
				B50375DE2ABCD6A900158EB4 /* en */,
				B50375E02ABCD6AA00158EB4 /* fr */,
			);
			name = InfoPlist.strings;
			sourceTree = "<group>";
		};
		B51FD8EE2B17935000F54E55 /* InfoPlist.strings */ = {
			isa = PBXVariantGroup;
			children = (
				B51FD8ED2B17935000F54E55 /* en */,
				B51FD8EF2B17935100F54E55 /* fr */,
			);
			name = InfoPlist.strings;
			sourceTree = "<group>";
		};
		B51FD8F02B18CD6C00F54E55 /* LaunchScreen.storyboard */ = {
			isa = PBXVariantGroup;
			children = (
				B51FD8F12B18CD6C00F54E55 /* Base */,
			);
			name = LaunchScreen.storyboard;
			sourceTree = "<group>";
		};
		B54DCF9928C5134E00FBBAE3 /* Main.storyboard */ = {
			isa = PBXVariantGroup;
			children = (
				B54DCF9A28C5134E00FBBAE3 /* Base */,
				B5E2D3312919BCE1001FEC93 /* fr */,
				B5E0FE8C292A507B001D0790 /* en */,
			);
			name = Main.storyboard;
			sourceTree = "<group>";
		};
		B5E0FE89292A5044001D0790 /* Localizable.strings */ = {
			isa = PBXVariantGroup;
			children = (
				B5E0FE88292A5044001D0790 /* en */,
				B5E0FE8A292A5049001D0790 /* fr */,
			);
			name = Localizable.strings;
			sourceTree = "<group>";
		};
/* End PBXVariantGroup section */

/* Begin XCBuildConfiguration section */
		B5154B092B0423D50075D50A /* Debug */ = {
			isa = XCBuildConfiguration;
			buildSettings = {
				ASSETCATALOG_COMPILER_APPICON_NAME = AppIcon;
				ASSETCATALOG_COMPILER_GENERATE_SWIFT_ASSET_SYMBOL_EXTENSIONS = YES;
				ASSETCATALOG_COMPILER_GLOBAL_ACCENT_COLOR_NAME = AccentColor;
				CLANG_CXX_LANGUAGE_STANDARD = "gnu++20";
				CODE_SIGN_ENTITLEMENTS = "VersionApple/Bilan CO2 Congres/Bilan CO2 Congres.entitlements";
				CODE_SIGN_STYLE = Automatic;
				CURRENT_PROJECT_VERSION = 46;
				DEVELOPMENT_TEAM = 6WS674AGSY;
				ENABLE_USER_SCRIPT_SANDBOXING = YES;
				GCC_C_LANGUAGE_STANDARD = gnu17;
				GENERATE_INFOPLIST_FILE = YES;
				INFOPLIST_FILE = "VersionApple/Bilan CO2 Congres/Info.plist";
				INFOPLIST_KEY_CFBundleDisplayName = "Bilan CO2 Congres";
				INFOPLIST_KEY_LSApplicationCategoryType = "public.app-category.travel";
				INFOPLIST_KEY_UIApplicationSupportsIndirectInputEvents = YES;
				INFOPLIST_KEY_UILaunchStoryboardName = LaunchScreen;
				INFOPLIST_KEY_UIMainStoryboardFile = Main;
				INFOPLIST_KEY_UISupportedInterfaceOrientations_iPad = "UIInterfaceOrientationPortrait UIInterfaceOrientationPortraitUpsideDown UIInterfaceOrientationLandscapeLeft UIInterfaceOrientationLandscapeRight";
				INFOPLIST_KEY_UISupportedInterfaceOrientations_iPhone = "UIInterfaceOrientationPortrait UIInterfaceOrientationLandscapeLeft UIInterfaceOrientationLandscapeRight";
				INFOPLIST_KEY_UIUserInterfaceStyle = Light;
				IPHONEOS_DEPLOYMENT_TARGET = 12.0;
				LD_RUNPATH_SEARCH_PATHS = (
					"$(inherited)",
					"@executable_path/Frameworks",
				);
				LOCALIZATION_PREFERS_STRING_CATALOGS = YES;
				MARKETING_VERSION = 1.4;
				PRODUCT_BUNDLE_IDENTIFIER = "ch.unige.bilan-co-congres";
				PRODUCT_NAME = "$(TARGET_NAME)";
				SUPPORTED_PLATFORMS = "iphoneos iphonesimulator";
				SUPPORTS_MACCATALYST = YES;
				SWIFT_ACTIVE_COMPILATION_CONDITIONS = "DEBUG $(inherited)";
				SWIFT_EMIT_LOC_STRINGS = YES;
				SWIFT_VERSION = 5.0;
				TARGETED_DEVICE_FAMILY = "1,2";
			};
			name = Debug;
		};
		B5154B0A2B0423D50075D50A /* Release */ = {
			isa = XCBuildConfiguration;
			buildSettings = {
				ASSETCATALOG_COMPILER_APPICON_NAME = AppIcon;
				ASSETCATALOG_COMPILER_GENERATE_SWIFT_ASSET_SYMBOL_EXTENSIONS = YES;
				ASSETCATALOG_COMPILER_GLOBAL_ACCENT_COLOR_NAME = AccentColor;
				CLANG_CXX_LANGUAGE_STANDARD = "gnu++20";
				CODE_SIGN_ENTITLEMENTS = "VersionApple/Bilan CO2 Congres/Bilan CO2 Congres.entitlements";
				CODE_SIGN_STYLE = Automatic;
				CURRENT_PROJECT_VERSION = 46;
				DEVELOPMENT_TEAM = 6WS674AGSY;
				ENABLE_USER_SCRIPT_SANDBOXING = YES;
				GCC_C_LANGUAGE_STANDARD = gnu17;
				GENERATE_INFOPLIST_FILE = YES;
				INFOPLIST_FILE = "VersionApple/Bilan CO2 Congres/Info.plist";
				INFOPLIST_KEY_CFBundleDisplayName = "Bilan CO2 Congres";
				INFOPLIST_KEY_LSApplicationCategoryType = "public.app-category.travel";
				INFOPLIST_KEY_UIApplicationSupportsIndirectInputEvents = YES;
				INFOPLIST_KEY_UILaunchStoryboardName = LaunchScreen;
				INFOPLIST_KEY_UIMainStoryboardFile = Main;
				INFOPLIST_KEY_UISupportedInterfaceOrientations_iPad = "UIInterfaceOrientationPortrait UIInterfaceOrientationPortraitUpsideDown UIInterfaceOrientationLandscapeLeft UIInterfaceOrientationLandscapeRight";
				INFOPLIST_KEY_UISupportedInterfaceOrientations_iPhone = "UIInterfaceOrientationPortrait UIInterfaceOrientationLandscapeLeft UIInterfaceOrientationLandscapeRight";
				INFOPLIST_KEY_UIUserInterfaceStyle = Light;
				IPHONEOS_DEPLOYMENT_TARGET = 12.0;
				LD_RUNPATH_SEARCH_PATHS = (
					"$(inherited)",
					"@executable_path/Frameworks",
				);
				LOCALIZATION_PREFERS_STRING_CATALOGS = YES;
				MARKETING_VERSION = 1.4;
				PRODUCT_BUNDLE_IDENTIFIER = "ch.unige.bilan-co-congres";
				PRODUCT_NAME = "$(TARGET_NAME)";
				SUPPORTED_PLATFORMS = "iphoneos iphonesimulator";
				SUPPORTS_MACCATALYST = YES;
				SWIFT_EMIT_LOC_STRINGS = YES;
				SWIFT_VERSION = 5.0;
				TARGETED_DEVICE_FAMILY = "1,2";
			};
			name = Release;
		};
		B54DCFA228C5134E00FBBAE3 /* Debug */ = {
			isa = XCBuildConfiguration;
			buildSettings = {
				ALWAYS_SEARCH_USER_PATHS = NO;
				CLANG_ANALYZER_LOCALIZABILITY_NONLOCALIZED = YES;
				CLANG_ANALYZER_NONNULL = YES;
				CLANG_ANALYZER_NUMBER_OBJECT_CONVERSION = YES_AGGRESSIVE;
				CLANG_CXX_LANGUAGE_STANDARD = "gnu++17";
				CLANG_ENABLE_MODULES = YES;
				CLANG_ENABLE_OBJC_ARC = YES;
				CLANG_ENABLE_OBJC_WEAK = YES;
				CLANG_WARN_BLOCK_CAPTURE_AUTORELEASING = YES;
				CLANG_WARN_BOOL_CONVERSION = YES;
				CLANG_WARN_COMMA = YES;
				CLANG_WARN_CONSTANT_CONVERSION = YES;
				CLANG_WARN_DEPRECATED_OBJC_IMPLEMENTATIONS = YES;
				CLANG_WARN_DIRECT_OBJC_ISA_USAGE = YES_ERROR;
				CLANG_WARN_DOCUMENTATION_COMMENTS = YES;
				CLANG_WARN_EMPTY_BODY = YES;
				CLANG_WARN_ENUM_CONVERSION = YES;
				CLANG_WARN_INFINITE_RECURSION = YES;
				CLANG_WARN_INT_CONVERSION = YES;
				CLANG_WARN_NON_LITERAL_NULL_CONVERSION = YES;
				CLANG_WARN_OBJC_IMPLICIT_RETAIN_SELF = YES;
				CLANG_WARN_OBJC_LITERAL_CONVERSION = YES;
				CLANG_WARN_OBJC_ROOT_CLASS = YES_ERROR;
				CLANG_WARN_QUOTED_INCLUDE_IN_FRAMEWORK_HEADER = YES;
				CLANG_WARN_RANGE_LOOP_ANALYSIS = YES;
				CLANG_WARN_STRICT_PROTOTYPES = YES;
				CLANG_WARN_SUSPICIOUS_MOVE = YES;
				CLANG_WARN_UNGUARDED_AVAILABILITY = YES_AGGRESSIVE;
				CLANG_WARN_UNREACHABLE_CODE = YES;
				CLANG_WARN__DUPLICATE_METHOD_MATCH = YES;
				COPY_PHASE_STRIP = NO;
				DEBUG_INFORMATION_FORMAT = dwarf;
				ENABLE_STRICT_OBJC_MSGSEND = YES;
				ENABLE_TESTABILITY = YES;
				GCC_C_LANGUAGE_STANDARD = gnu11;
				GCC_DYNAMIC_NO_PIC = NO;
				GCC_NO_COMMON_BLOCKS = YES;
				GCC_OPTIMIZATION_LEVEL = 0;
				GCC_PREPROCESSOR_DEFINITIONS = (
					"DEBUG=1",
					"$(inherited)",
				);
				GCC_WARN_64_TO_32_BIT_CONVERSION = YES;
				GCC_WARN_ABOUT_RETURN_TYPE = YES_ERROR;
				GCC_WARN_UNDECLARED_SELECTOR = YES;
				GCC_WARN_UNINITIALIZED_AUTOS = YES_AGGRESSIVE;
				GCC_WARN_UNUSED_FUNCTION = YES;
				GCC_WARN_UNUSED_VARIABLE = YES;
				IPHONEOS_DEPLOYMENT_TARGET = 11.0;
				MTL_ENABLE_DEBUG_INFO = INCLUDE_SOURCE;
				MTL_FAST_MATH = YES;
				ONLY_ACTIVE_ARCH = YES;
				SDKROOT = iphoneos;
				SWIFT_ACTIVE_COMPILATION_CONDITIONS = DEBUG;
				SWIFT_OPTIMIZATION_LEVEL = "-Onone";
			};
			name = Debug;
		};
		B54DCFA328C5134E00FBBAE3 /* Release */ = {
			isa = XCBuildConfiguration;
			buildSettings = {
				ALWAYS_SEARCH_USER_PATHS = NO;
				CLANG_ANALYZER_LOCALIZABILITY_NONLOCALIZED = YES;
				CLANG_ANALYZER_NONNULL = YES;
				CLANG_ANALYZER_NUMBER_OBJECT_CONVERSION = YES_AGGRESSIVE;
				CLANG_CXX_LANGUAGE_STANDARD = "gnu++17";
				CLANG_ENABLE_MODULES = YES;
				CLANG_ENABLE_OBJC_ARC = YES;
				CLANG_ENABLE_OBJC_WEAK = YES;
				CLANG_WARN_BLOCK_CAPTURE_AUTORELEASING = YES;
				CLANG_WARN_BOOL_CONVERSION = YES;
				CLANG_WARN_COMMA = YES;
				CLANG_WARN_CONSTANT_CONVERSION = YES;
				CLANG_WARN_DEPRECATED_OBJC_IMPLEMENTATIONS = YES;
				CLANG_WARN_DIRECT_OBJC_ISA_USAGE = YES_ERROR;
				CLANG_WARN_DOCUMENTATION_COMMENTS = YES;
				CLANG_WARN_EMPTY_BODY = YES;
				CLANG_WARN_ENUM_CONVERSION = YES;
				CLANG_WARN_INFINITE_RECURSION = YES;
				CLANG_WARN_INT_CONVERSION = YES;
				CLANG_WARN_NON_LITERAL_NULL_CONVERSION = YES;
				CLANG_WARN_OBJC_IMPLICIT_RETAIN_SELF = YES;
				CLANG_WARN_OBJC_LITERAL_CONVERSION = YES;
				CLANG_WARN_OBJC_ROOT_CLASS = YES_ERROR;
				CLANG_WARN_QUOTED_INCLUDE_IN_FRAMEWORK_HEADER = YES;
				CLANG_WARN_RANGE_LOOP_ANALYSIS = YES;
				CLANG_WARN_STRICT_PROTOTYPES = YES;
				CLANG_WARN_SUSPICIOUS_MOVE = YES;
				CLANG_WARN_UNGUARDED_AVAILABILITY = YES_AGGRESSIVE;
				CLANG_WARN_UNREACHABLE_CODE = YES;
				CLANG_WARN__DUPLICATE_METHOD_MATCH = YES;
				COPY_PHASE_STRIP = NO;
				DEBUG_INFORMATION_FORMAT = "dwarf-with-dsym";
				ENABLE_NS_ASSERTIONS = NO;
				ENABLE_STRICT_OBJC_MSGSEND = YES;
				GCC_C_LANGUAGE_STANDARD = gnu11;
				GCC_NO_COMMON_BLOCKS = YES;
				GCC_WARN_64_TO_32_BIT_CONVERSION = YES;
				GCC_WARN_ABOUT_RETURN_TYPE = YES_ERROR;
				GCC_WARN_UNDECLARED_SELECTOR = YES;
				GCC_WARN_UNINITIALIZED_AUTOS = YES_AGGRESSIVE;
				GCC_WARN_UNUSED_FUNCTION = YES;
				GCC_WARN_UNUSED_VARIABLE = YES;
				IPHONEOS_DEPLOYMENT_TARGET = 11.0;
				MTL_ENABLE_DEBUG_INFO = NO;
				MTL_FAST_MATH = YES;
				SDKROOT = iphoneos;
				SWIFT_COMPILATION_MODE = wholemodule;
				SWIFT_OPTIMIZATION_LEVEL = "-O";
				VALIDATE_PRODUCT = YES;
			};
			name = Release;
		};
		B54DCFA528C5134E00FBBAE3 /* Debug */ = {
			isa = XCBuildConfiguration;
			buildSettings = {
				ASSETCATALOG_COMPILER_APPICON_NAME = AppIcon;
				ASSETCATALOG_COMPILER_GLOBAL_ACCENT_COLOR_NAME = AccentColor;
				CODE_SIGN_ENTITLEMENTS = VersionApple/BilanCO2.entitlements;
				CODE_SIGN_IDENTITY = "Apple Development";
				CODE_SIGN_STYLE = Automatic;
				CURRENT_PROJECT_VERSION = 42;
				DEVELOPMENT_TEAM = L3A73K7T3G;
				GENERATE_INFOPLIST_FILE = YES;
				INFOPLIST_FILE = VersionApple/Info.plist;
				INFOPLIST_KEY_CFBundleDisplayName = "Bilan CO2 camp scout";
				INFOPLIST_KEY_LSApplicationCategoryType = "public.app-category.education";
				INFOPLIST_KEY_UIApplicationSupportsIndirectInputEvents = YES;
				INFOPLIST_KEY_UILaunchStoryboardName = LaunchScreen;
				INFOPLIST_KEY_UIMainStoryboardFile = Main;
				INFOPLIST_KEY_UIStatusBarStyle = "";
				INFOPLIST_KEY_UISupportedInterfaceOrientations = "UIInterfaceOrientationPortrait UIInterfaceOrientationPortraitUpsideDown UIInterfaceOrientationLandscapeLeft UIInterfaceOrientationLandscapeRight";
				INFOPLIST_KEY_UISupportedInterfaceOrientations_iPad = "UIInterfaceOrientationPortrait UIInterfaceOrientationPortraitUpsideDown UIInterfaceOrientationLandscapeLeft UIInterfaceOrientationLandscapeRight";
				INFOPLIST_KEY_UISupportedInterfaceOrientations_iPhone = "UIInterfaceOrientationPortrait UIInterfaceOrientationLandscapeLeft UIInterfaceOrientationLandscapeRight";
				INFOPLIST_KEY_UIUserInterfaceStyle = Light;
				IPHONEOS_DEPLOYMENT_TARGET = 12.0;
				LD_RUNPATH_SEARCH_PATHS = (
					"$(inherited)",
					"@executable_path/Frameworks",
				);
				MARKETING_VERSION = 1.3;
				PRODUCT_BUNDLE_IDENTIFIER = JK.BilanCO2;
				PRODUCT_NAME = "$(TARGET_NAME)";
				PROVISIONING_PROFILE_SPECIFIER = "";
				SUPPORTED_PLATFORMS = "iphoneos iphonesimulator";
				SUPPORTS_MACCATALYST = YES;
				SUPPORTS_MAC_DESIGNED_FOR_IPHONE_IPAD = YES;
				SWIFT_EMIT_LOC_STRINGS = YES;
				SWIFT_VERSION = 5.0;
				TARGETED_DEVICE_FAMILY = "1,2";
			};
			name = Debug;
		};
		B54DCFA628C5134E00FBBAE3 /* Release */ = {
			isa = XCBuildConfiguration;
			buildSettings = {
				ASSETCATALOG_COMPILER_APPICON_NAME = AppIcon;
				ASSETCATALOG_COMPILER_GLOBAL_ACCENT_COLOR_NAME = AccentColor;
				CODE_SIGN_ENTITLEMENTS = VersionApple/BilanCO2.entitlements;
				CODE_SIGN_IDENTITY = "Apple Development";
				CODE_SIGN_STYLE = Automatic;
				CURRENT_PROJECT_VERSION = 42;
				DEVELOPMENT_TEAM = L3A73K7T3G;
				GENERATE_INFOPLIST_FILE = YES;
				INFOPLIST_FILE = VersionApple/Info.plist;
				INFOPLIST_KEY_CFBundleDisplayName = "Bilan CO2 camp scout";
				INFOPLIST_KEY_LSApplicationCategoryType = "public.app-category.education";
				INFOPLIST_KEY_UIApplicationSupportsIndirectInputEvents = YES;
				INFOPLIST_KEY_UILaunchStoryboardName = LaunchScreen;
				INFOPLIST_KEY_UIMainStoryboardFile = Main;
				INFOPLIST_KEY_UIStatusBarStyle = "";
				INFOPLIST_KEY_UISupportedInterfaceOrientations = "UIInterfaceOrientationPortrait UIInterfaceOrientationPortraitUpsideDown UIInterfaceOrientationLandscapeLeft UIInterfaceOrientationLandscapeRight";
				INFOPLIST_KEY_UISupportedInterfaceOrientations_iPad = "UIInterfaceOrientationPortrait UIInterfaceOrientationPortraitUpsideDown UIInterfaceOrientationLandscapeLeft UIInterfaceOrientationLandscapeRight";
				INFOPLIST_KEY_UISupportedInterfaceOrientations_iPhone = "UIInterfaceOrientationPortrait UIInterfaceOrientationLandscapeLeft UIInterfaceOrientationLandscapeRight";
				INFOPLIST_KEY_UIUserInterfaceStyle = Light;
				IPHONEOS_DEPLOYMENT_TARGET = 12.0;
				LD_RUNPATH_SEARCH_PATHS = (
					"$(inherited)",
					"@executable_path/Frameworks",
				);
				MARKETING_VERSION = 1.3;
				PRODUCT_BUNDLE_IDENTIFIER = JK.BilanCO2;
				PRODUCT_NAME = "$(TARGET_NAME)";
				PROVISIONING_PROFILE_SPECIFIER = "";
				SUPPORTED_PLATFORMS = "iphoneos iphonesimulator";
				SUPPORTS_MACCATALYST = YES;
				SUPPORTS_MAC_DESIGNED_FOR_IPHONE_IPAD = YES;
				SWIFT_EMIT_LOC_STRINGS = YES;
				SWIFT_VERSION = 5.0;
				TARGETED_DEVICE_FAMILY = "1,2";
			};
			name = Release;
		};
/* End XCBuildConfiguration section */

/* Begin XCConfigurationList section */
		B5154B082B0423D50075D50A /* Build configuration list for PBXNativeTarget "Bilan CO2 Congres" */ = {
			isa = XCConfigurationList;
			buildConfigurations = (
				B5154B092B0423D50075D50A /* Debug */,
				B5154B0A2B0423D50075D50A /* Release */,
			);
			defaultConfigurationIsVisible = 0;
			defaultConfigurationName = Release;
		};
		B54DCF8B28C5134E00FBBAE3 /* Build configuration list for PBXProject "Bilan CO2 camp scout" */ = {
			isa = XCConfigurationList;
			buildConfigurations = (
				B54DCFA228C5134E00FBBAE3 /* Debug */,
				B54DCFA328C5134E00FBBAE3 /* Release */,
			);
			defaultConfigurationIsVisible = 0;
			defaultConfigurationName = Release;
		};
		B54DCFA428C5134E00FBBAE3 /* Build configuration list for PBXNativeTarget "Bilan CO2 camp scout" */ = {
			isa = XCConfigurationList;
			buildConfigurations = (
				B54DCFA528C5134E00FBBAE3 /* Debug */,
				B54DCFA628C5134E00FBBAE3 /* Release */,
			);
			defaultConfigurationIsVisible = 0;
			defaultConfigurationName = Release;
		};
/* End XCConfigurationList section */
	};
	rootObject = B54DCF8828C5134E00FBBAE3 /* Project object */;
}
